
Microsoft Visual Studio Solution File, Format Version 12.00
Project("{FAE04EC0-301F-11D3-BF4B-00C04F79EFBC}") = "GenericMethodsExample", "GenericMethodsExample\GenericMethodsExample.csproj", "{797D5BB4-130B-408F-B141-BE87CCF2D0F8}"
EndProject
Project("{FAE04EC0-301F-11D3-BF4B-00C04F79EFBC}") = "ClassLibrary1", "ClassLibrary1\ClassLibrary1.csproj", "{79E1F541-5222-40C2-88C2-4378E10E1388}"
EndProject
Global
	GlobalSection(SolutionConfigurationPlatforms) = preSolution
		Debug|Any CPU = Debug|Any CPU
		Release|Any CPU = Release|Any CPU
	EndGlobalSection
	GlobalSection(ProjectConfigurationPlatforms) = postSolution
		{797D5BB4-130B-408F-B141-BE87CCF2D0F8}.Debug|Any CPU.ActiveCfg = Debug|Any CPU
		{797D5BB4-130B-408F-B141-BE87CCF2D0F8}.Debug|Any CPU.Build.0 = Debug|Any CPU
		{797D5BB4-130B-408F-B141-BE87CCF2D0F8}.Release|Any CPU.ActiveCfg = Release|Any CPU
		{797D5BB4-130B-408F-B141-BE87CCF2D0F8}.Release|Any CPU.Build.0 = Release|Any CPU
		{79E1F541-5222-40C2-88C2-4378E10E1388}.Debug|Any CPU.ActiveCfg = Debug|Any CPU
		{79E1F541-5222-40C2-88C2-4378E10E1388}.Debug|Any CPU.Build.0 = Debug|Any CPU
		{79E1F541-5222-40C2-88C2-4378E10E1388}.Release|Any CPU.ActiveCfg = Release|Any CPU
		{79E1F541-5222-40C2-88C2-4378E10E1388}.Release|Any CPU.Build.0 = Release|Any CPU
	EndGlobalSection
EndGlobal
