
Microsoft Visual Studio Solution File, Format Version 12.00
Project("{FAE04EC0-301F-11D3-BF4B-00C04F79EFBC}") = "StaticClassExample", "StaticClassExample\StaticClassExample.csproj", "{6642F9A2-0EF9-42EA-B0F7-A66772E22E17}"
EndProject
Project("{FAE04EC0-301F-11D3-BF4B-00C04F79EFBC}") = "ClassLibrary1", "ClassLibrary1\ClassLibrary1.csproj", "{5DD717E9-0184-4F09-BF64-6369D9D2AC2E}"
EndProject
Global
	GlobalSection(SolutionConfigurationPlatforms) = preSolution
		Debug|Any CPU = Debug|Any CPU
		Release|Any CPU = Release|Any CPU
	EndGlobalSection
	GlobalSection(ProjectConfigurationPlatforms) = postSolution
		{6642F9A2-0EF9-42EA-B0F7-A66772E22E17}.Debug|Any CPU.ActiveCfg = Debug|Any CPU
		{6642F9A2-0EF9-42EA-B0F7-A66772E22E17}.Debug|Any CPU.Build.0 = Debug|Any CPU
		{6642F9A2-0EF9-42EA-B0F7-A66772E22E17}.Release|Any CPU.ActiveCfg = Release|Any CPU
		{6642F9A2-0EF9-42EA-B0F7-A66772E22E17}.Release|Any CPU.Build.0 = Release|Any CPU
		{5DD717E9-0184-4F09-BF64-6369D9D2AC2E}.Debug|Any CPU.ActiveCfg = Debug|Any CPU
		{5DD717E9-0184-4F09-BF64-6369D9D2AC2E}.Debug|Any CPU.Build.0 = Debug|Any CPU
		{5DD717E9-0184-4F09-BF64-6369D9D2AC2E}.Release|Any CPU.ActiveCfg = Release|Any CPU
		{5DD717E9-0184-4F09-BF64-6369D9D2AC2E}.Release|Any CPU.Build.0 = Release|Any CPU
	EndGlobalSection
EndGlobal
