
Microsoft Visual Studio Solution File, Format Version 12.00
Project("{FAE04EC0-301F-11D3-BF4B-00C04F79EFBC}") = "NamespacesExample", "NamespacesExample\NamespacesExample.csproj", "{D585B507-3E24-4ED7-923C-B5D7A6681A7C}"
EndProject
Project("{FAE04EC0-301F-11D3-BF4B-00C04F79EFBC}") = "ClassLibrary1", "ClassLibrary1\ClassLibrary1.csproj", "{3CA2C14A-94F4-4A51-A6CD-920094320745}"
EndProject
Global
	GlobalSection(SolutionConfigurationPlatforms) = preSolution
		Debug|Any CPU = Debug|Any CPU
		Release|Any CPU = Release|Any CPU
	EndGlobalSection
	GlobalSection(ProjectConfigurationPlatforms) = postSolution
		{D585B507-3E24-4ED7-923C-B5D7A6681A7C}.Debug|Any CPU.ActiveCfg = Debug|Any CPU
		{D585B507-3E24-4ED7-923C-B5D7A6681A7C}.Debug|Any CPU.Build.0 = Debug|Any CPU
		{D585B507-3E24-4ED7-923C-B5D7A6681A7C}.Release|Any CPU.ActiveCfg = Release|Any CPU
		{D585B507-3E24-4ED7-923C-B5D7A6681A7C}.Release|Any CPU.Build.0 = Release|Any CPU
		{3CA2C14A-94F4-4A51-A6CD-920094320745}.Debug|Any CPU.ActiveCfg = Debug|Any CPU
		{3CA2C14A-94F4-4A51-A6CD-920094320745}.Debug|Any CPU.Build.0 = Debug|Any CPU
		{3CA2C14A-94F4-4A51-A6CD-920094320745}.Release|Any CPU.ActiveCfg = Release|Any CPU
		{3CA2C14A-94F4-4A51-A6CD-920094320745}.Release|Any CPU.Build.0 = Release|Any CPU
	EndGlobalSection
EndGlobal
