
Microsoft Visual Studio Solution File, Format Version 12.00
Project("{FAE04EC0-301F-11D3-BF4B-00C04F79EFBC}") = "ElseIfExample", "ElseIfExample\ElseIfExample.csproj", "{97571BC2-0735-4B12-ACBF-ED8A757083BF}"
EndProject
Global
	GlobalSection(SolutionConfigurationPlatforms) = preSolution
		Debug|Any CPU = Debug|Any CPU
		Release|Any CPU = Release|Any CPU
	EndGlobalSection
	GlobalSection(ProjectConfigurationPlatforms) = postSolution
		{97571BC2-0735-4B12-ACBF-ED8A757083BF}.Debug|Any CPU.ActiveCfg = Debug|Any CPU
		{97571BC2-0735-4B12-ACBF-ED8A757083BF}.Debug|Any CPU.Build.0 = Debug|Any CPU
		{97571BC2-0735-4B12-ACBF-ED8A757083BF}.Release|Any CPU.ActiveCfg = Release|Any CPU
		{97571BC2-0735-4B12-ACBF-ED8A757083BF}.Release|Any CPU.Build.0 = Release|Any CPU
	EndGlobalSection
EndGlobal
