
Microsoft Visual Studio Solution File, Format Version 12.00
Project("{FAE04EC0-301F-11D3-BF4B-00C04F79EFBC}") = "NestedIfExample", "NestedIfExample\NestedIfExample.csproj", "{F95EE952-C0EA-4778-8AEA-043317172D67}"
EndProject
Global
	GlobalSection(SolutionConfigurationPlatforms) = preSolution
		Debug|Any CPU = Debug|Any CPU
		Release|Any CPU = Release|Any CPU
	EndGlobalSection
	GlobalSection(ProjectConfigurationPlatforms) = postSolution
		{F95EE952-C0EA-4778-8AEA-043317172D67}.Debug|Any CPU.ActiveCfg = Debug|Any CPU
		{F95EE952-C0EA-4778-8AEA-043317172D67}.Debug|Any CPU.Build.0 = Debug|Any CPU
		{F95EE952-C0EA-4778-8AEA-043317172D67}.Release|Any CPU.ActiveCfg = Release|Any CPU
		{F95EE952-C0EA-4778-8AEA-043317172D67}.Release|Any CPU.Build.0 = Release|Any CPU
	EndGlobalSection
EndGlobal
