
Microsoft Visual Studio Solution File, Format Version 12.00
Project("{FAE04EC0-301F-11D3-BF4B-00C04F79EFBC}") = "ConversionMethodsExample", "ConversionMethodsExample\ConversionMethodsExample.csproj", "{8694CD81-4943-45A5-AFE1-E0F5922DDA82}"
EndProject
Global
	GlobalSection(SolutionConfigurationPlatforms) = preSolution
		Debug|Any CPU = Debug|Any CPU
		Release|Any CPU = Release|Any CPU
	EndGlobalSection
	GlobalSection(ProjectConfigurationPlatforms) = postSolution
		{8694CD81-4943-45A5-AFE1-E0F5922DDA82}.Debug|Any CPU.ActiveCfg = Debug|Any CPU
		{8694CD81-4943-45A5-AFE1-E0F5922DDA82}.Debug|Any CPU.Build.0 = Debug|Any CPU
		{8694CD81-4943-45A5-AFE1-E0F5922DDA82}.Release|Any CPU.ActiveCfg = Release|Any CPU
		{8694CD81-4943-45A5-AFE1-E0F5922DDA82}.Release|Any CPU.Build.0 = Release|Any CPU
	EndGlobalSection
EndGlobal
