
Microsoft Visual Studio Solution File, Format Version 12.00
Project("{FAE04EC0-301F-11D3-BF4B-00C04F79EFBC}") = "GenericClassesExample", "GenericClassesExample\GenericClassesExample.csproj", "{D47145FE-47B5-4852-A101-C52FA4AF5634}"
EndProject
Project("{FAE04EC0-301F-11D3-BF4B-00C04F79EFBC}") = "ClassLibrary1", "ClassLibrary1\ClassLibrary1.csproj", "{4CFE422F-B5BC-4E14-8261-F60034463F0D}"
EndProject
Global
	GlobalSection(SolutionConfigurationPlatforms) = preSolution
		Debug|Any CPU = Debug|Any CPU
		Release|Any CPU = Release|Any CPU
	EndGlobalSection
	GlobalSection(ProjectConfigurationPlatforms) = postSolution
		{D47145FE-47B5-4852-A101-C52FA4AF5634}.Debug|Any CPU.ActiveCfg = Debug|Any CPU
		{D47145FE-47B5-4852-A101-C52FA4AF5634}.Debug|Any CPU.Build.0 = Debug|Any CPU
		{D47145FE-47B5-4852-A101-C52FA4AF5634}.Release|Any CPU.ActiveCfg = Release|Any CPU
		{D47145FE-47B5-4852-A101-C52FA4AF5634}.Release|Any CPU.Build.0 = Release|Any CPU
		{4CFE422F-B5BC-4E14-8261-F60034463F0D}.Debug|Any CPU.ActiveCfg = Debug|Any CPU
		{4CFE422F-B5BC-4E14-8261-F60034463F0D}.Debug|Any CPU.Build.0 = Debug|Any CPU
		{4CFE422F-B5BC-4E14-8261-F60034463F0D}.Release|Any CPU.ActiveCfg = Release|Any CPU
		{4CFE422F-B5BC-4E14-8261-F60034463F0D}.Release|Any CPU.Build.0 = Release|Any CPU
	EndGlobalSection
EndGlobal
