
Microsoft Visual Studio Solution File, Format Version 12.00
Project("{FAE04EC0-301F-11D3-BF4B-00C04F79EFBC}") = "RefReturnsExample", "RefReturnsExample\RefReturnsExample.csproj", "{C01BDC37-2B4B-4E2B-85C0-FF188AFC6885}"
EndProject
Global
	GlobalSection(SolutionConfigurationPlatforms) = preSolution
		Debug|Any CPU = Debug|Any CPU
		Release|Any CPU = Release|Any CPU
	EndGlobalSection
	GlobalSection(ProjectConfigurationPlatforms) = postSolution
		{C01BDC37-2B4B-4E2B-85C0-FF188AFC6885}.Debug|Any CPU.ActiveCfg = Debug|Any CPU
		{C01BDC37-2B4B-4E2B-85C0-FF188AFC6885}.Debug|Any CPU.Build.0 = Debug|Any CPU
		{C01BDC37-2B4B-4E2B-85C0-FF188AFC6885}.Release|Any CPU.ActiveCfg = Release|Any CPU
		{C01BDC37-2B4B-4E2B-85C0-FF188AFC6885}.Release|Any CPU.Build.0 = Release|Any CPU
	EndGlobalSection
EndGlobal
